
Microsoft Visual Studio Solution File, Format Version 12.00
Project("{FAE04EC0-301F-11D3-BF4B-00C04F79EFBC}") = "Day1", "Day1\Day1.csproj", "{5C4AEC22-6F7D-4D98-A1F6-E391CEACF4E3}"
EndProject
Project("{FAE04EC0-301F-11D3-BF4B-00C04F79EFBC}") = "Utils", "Utils\Utils.csproj", "{73D95090-E538-450B-BC2A-294E08554BC0}"
EndProject
Project("{FAE04EC0-301F-11D3-BF4B-00C04F79EFBC}") = "Day2", "Day2\Day2.csproj", "{56C387CE-7508-49E7-970C-D2EB8D007B95}"
EndProject
Project("{FAE04EC0-301F-11D3-BF4B-00C04F79EFBC}") = "Tests", "Tests\Tests.csproj", "{EE8242B3-5C31-4E94-9CD5-DF522EF5B6D1}"
EndProject
Project("{FAE04EC0-301F-11D3-BF4B-00C04F79EFBC}") = "Day3", "Day3\Day3.csproj", "{22D0230F-E951-4D35-A80A-AD9B8A2B7531}"
EndProject
Project("{FAE04EC0-301F-11D3-BF4B-00C04F79EFBC}") = "Day4", "Day4\Day4.csproj", "{4EC4EAC5-4C2E-4B64-911D-C544747918EF}"
EndProject
Project("{FAE04EC0-301F-11D3-BF4B-00C04F79EFBC}") = "Day5", "Day5\Day5.csproj", "{26488D2C-4DB2-4BED-8572-60C8BBF746B2}"
EndProject
Project("{FAE04EC0-301F-11D3-BF4B-00C04F79EFBC}") = "Day6", "Day6\Day6.csproj", "{DE2A4D1F-96FE-456E-B778-64AF1F67A734}"
EndProject
Project("{FAE04EC0-301F-11D3-BF4B-00C04F79EFBC}") = "Day7", "Day7\Day7.csproj", "{14DD8566-1E2F-46E0-8301-4A3C83BB5CC4}"
EndProject
Project("{FAE04EC0-301F-11D3-BF4B-00C04F79EFBC}") = "Day8", "Day8\Day8.csproj", "{052D72B8-F467-452E-AE1B-43B4D6F0082F}"
EndProject
Global
	GlobalSection(SolutionConfigurationPlatforms) = preSolution
		Debug|Any CPU = Debug|Any CPU
		Release|Any CPU = Release|Any CPU
	EndGlobalSection
	GlobalSection(ProjectConfigurationPlatforms) = postSolution
		{5C4AEC22-6F7D-4D98-A1F6-E391CEACF4E3}.Debug|Any CPU.ActiveCfg = Debug|Any CPU
		{5C4AEC22-6F7D-4D98-A1F6-E391CEACF4E3}.Debug|Any CPU.Build.0 = Debug|Any CPU
		{5C4AEC22-6F7D-4D98-A1F6-E391CEACF4E3}.Release|Any CPU.ActiveCfg = Release|Any CPU
		{5C4AEC22-6F7D-4D98-A1F6-E391CEACF4E3}.Release|Any CPU.Build.0 = Release|Any CPU
		{73D95090-E538-450B-BC2A-294E08554BC0}.Debug|Any CPU.ActiveCfg = Debug|Any CPU
		{73D95090-E538-450B-BC2A-294E08554BC0}.Debug|Any CPU.Build.0 = Debug|Any CPU
		{73D95090-E538-450B-BC2A-294E08554BC0}.Release|Any CPU.ActiveCfg = Release|Any CPU
		{73D95090-E538-450B-BC2A-294E08554BC0}.Release|Any CPU.Build.0 = Release|Any CPU
		{56C387CE-7508-49E7-970C-D2EB8D007B95}.Debug|Any CPU.ActiveCfg = Debug|Any CPU
		{56C387CE-7508-49E7-970C-D2EB8D007B95}.Debug|Any CPU.Build.0 = Debug|Any CPU
		{56C387CE-7508-49E7-970C-D2EB8D007B95}.Release|Any CPU.ActiveCfg = Release|Any CPU
		{56C387CE-7508-49E7-970C-D2EB8D007B95}.Release|Any CPU.Build.0 = Release|Any CPU
		{EE8242B3-5C31-4E94-9CD5-DF522EF5B6D1}.Debug|Any CPU.ActiveCfg = Debug|Any CPU
		{EE8242B3-5C31-4E94-9CD5-DF522EF5B6D1}.Debug|Any CPU.Build.0 = Debug|Any CPU
		{EE8242B3-5C31-4E94-9CD5-DF522EF5B6D1}.Release|Any CPU.ActiveCfg = Release|Any CPU
		{EE8242B3-5C31-4E94-9CD5-DF522EF5B6D1}.Release|Any CPU.Build.0 = Release|Any CPU
		{22D0230F-E951-4D35-A80A-AD9B8A2B7531}.Debug|Any CPU.ActiveCfg = Debug|Any CPU
		{22D0230F-E951-4D35-A80A-AD9B8A2B7531}.Debug|Any CPU.Build.0 = Debug|Any CPU
		{22D0230F-E951-4D35-A80A-AD9B8A2B7531}.Release|Any CPU.ActiveCfg = Release|Any CPU
		{22D0230F-E951-4D35-A80A-AD9B8A2B7531}.Release|Any CPU.Build.0 = Release|Any CPU
		{4EC4EAC5-4C2E-4B64-911D-C544747918EF}.Debug|Any CPU.ActiveCfg = Debug|Any CPU
		{4EC4EAC5-4C2E-4B64-911D-C544747918EF}.Debug|Any CPU.Build.0 = Debug|Any CPU
		{4EC4EAC5-4C2E-4B64-911D-C544747918EF}.Release|Any CPU.ActiveCfg = Release|Any CPU
		{4EC4EAC5-4C2E-4B64-911D-C544747918EF}.Release|Any CPU.Build.0 = Release|Any CPU
		{26488D2C-4DB2-4BED-8572-60C8BBF746B2}.Debug|Any CPU.ActiveCfg = Debug|Any CPU
		{26488D2C-4DB2-4BED-8572-60C8BBF746B2}.Debug|Any CPU.Build.0 = Debug|Any CPU
		{26488D2C-4DB2-4BED-8572-60C8BBF746B2}.Release|Any CPU.ActiveCfg = Release|Any CPU
		{26488D2C-4DB2-4BED-8572-60C8BBF746B2}.Release|Any CPU.Build.0 = Release|Any CPU
		{DE2A4D1F-96FE-456E-B778-64AF1F67A734}.Debug|Any CPU.ActiveCfg = Debug|Any CPU
		{DE2A4D1F-96FE-456E-B778-64AF1F67A734}.Debug|Any CPU.Build.0 = Debug|Any CPU
		{DE2A4D1F-96FE-456E-B778-64AF1F67A734}.Release|Any CPU.ActiveCfg = Release|Any CPU
		{DE2A4D1F-96FE-456E-B778-64AF1F67A734}.Release|Any CPU.Build.0 = Release|Any CPU
		{14DD8566-1E2F-46E0-8301-4A3C83BB5CC4}.Debug|Any CPU.ActiveCfg = Debug|Any CPU
		{14DD8566-1E2F-46E0-8301-4A3C83BB5CC4}.Debug|Any CPU.Build.0 = Debug|Any CPU
		{14DD8566-1E2F-46E0-8301-4A3C83BB5CC4}.Release|Any CPU.ActiveCfg = Release|Any CPU
		{14DD8566-1E2F-46E0-8301-4A3C83BB5CC4}.Release|Any CPU.Build.0 = Release|Any CPU
		{052D72B8-F467-452E-AE1B-43B4D6F0082F}.Debug|Any CPU.ActiveCfg = Debug|Any CPU
		{052D72B8-F467-452E-AE1B-43B4D6F0082F}.Debug|Any CPU.Build.0 = Debug|Any CPU
		{052D72B8-F467-452E-AE1B-43B4D6F0082F}.Release|Any CPU.ActiveCfg = Release|Any CPU
		{052D72B8-F467-452E-AE1B-43B4D6F0082F}.Release|Any CPU.Build.0 = Release|Any CPU
	EndGlobalSection
EndGlobal
